// !$*UTF8*$!
{
	archiveVersion = 1;
	classes = {
	};
	objectVersion = 55;
	objects = {

/* Begin PBXBuildFile section */
		07A8B6FF2B13CCD400DE0548 /* AppDelegate.swift in Sources */ = {isa = PBXBuildFile; fileRef = 07A8B6FE2B13CCD400DE0548 /* AppDelegate.swift */; };
		07A8B7012B13CCD400DE0548 /* SceneDelegate.swift in Sources */ = {isa = PBXBuildFile; fileRef = 07A8B7002B13CCD400DE0548 /* SceneDelegate.swift */; };
		07A8B7032B13CCD400DE0548 /* ViewController.swift in Sources */ = {isa = PBXBuildFile; fileRef = 07A8B7022B13CCD400DE0548 /* ViewController.swift */; };
		07A8B7062B13CCD400DE0548 /* Main.storyboard in Resources */ = {isa = PBXBuildFile; fileRef = 07A8B7042B13CCD400DE0548 /* Main.storyboard */; };
		07A8B7082B13CCD700DE0548 /* Assets.xcassets in Resources */ = {isa = PBXBuildFile; fileRef = 07A8B7072B13CCD700DE0548 /* Assets.xcassets */; };
		07A8B70B2B13CCD700DE0548 /* LaunchScreen.storyboard in Resources */ = {isa = PBXBuildFile; fileRef = 07A8B7092B13CCD700DE0548 /* LaunchScreen.storyboard */; };
		07A8B7162B13CCD800DE0548 /* pray_timesTests.swift in Sources */ = {isa = PBXBuildFile; fileRef = 07A8B7152B13CCD800DE0548 /* pray_timesTests.swift */; };
		07A8B7202B13CCD800DE0548 /* pray_timesUITests.swift in Sources */ = {isa = PBXBuildFile; fileRef = 07A8B71F2B13CCD800DE0548 /* pray_timesUITests.swift */; };
		07A8B7222B13CCD800DE0548 /* pray_timesUITestsLaunchTests.swift in Sources */ = {isa = PBXBuildFile; fileRef = 07A8B7212B13CCD800DE0548 /* pray_timesUITestsLaunchTests.swift */; };
/* End PBXBuildFile section */

/* Begin PBXContainerItemProxy section */
		07A8B7122B13CCD800DE0548 /* PBXContainerItemProxy */ = {
			isa = PBXContainerItemProxy;
			containerPortal = 07A8B6F32B13CCD400DE0548 /* Project object */;
			proxyType = 1;
			remoteGlobalIDString = 07A8B6FA2B13CCD400DE0548;
			remoteInfo = "pray times";
		};
		07A8B71C2B13CCD800DE0548 /* PBXContainerItemProxy */ = {
			isa = PBXContainerItemProxy;
			containerPortal = 07A8B6F32B13CCD400DE0548 /* Project object */;
			proxyType = 1;
			remoteGlobalIDString = 07A8B6FA2B13CCD400DE0548;
			remoteInfo = "pray times";
		};
/* End PBXContainerItemProxy section */

/* Begin PBXFileReference section */
		07A8B6FB2B13CCD400DE0548 /* pray times.app */ = {isa = PBXFileReference; explicitFileType = wrapper.application; includeInIndex = 0; path = "pray times.app"; sourceTree = BUILT_PRODUCTS_DIR; };
		07A8B6FE2B13CCD400DE0548 /* AppDelegate.swift */ = {isa = PBXFileReference; lastKnownFileType = sourcecode.swift; path = AppDelegate.swift; sourceTree = "<group>"; };
		07A8B7002B13CCD400DE0548 /* SceneDelegate.swift */ = {isa = PBXFileReference; lastKnownFileType = sourcecode.swift; path = SceneDelegate.swift; sourceTree = "<group>"; };
		07A8B7022B13CCD400DE0548 /* ViewController.swift */ = {isa = PBXFileReference; lastKnownFileType = sourcecode.swift; path = ViewController.swift; sourceTree = "<group>"; };
		07A8B7052B13CCD400DE0548 /* Base */ = {isa = PBXFileReference; lastKnownFileType = file.storyboard; name = Base; path = Base.lproj/Main.storyboard; sourceTree = "<group>"; };
		07A8B7072B13CCD700DE0548 /* Assets.xcassets */ = {isa = PBXFileReference; lastKnownFileType = folder.assetcatalog; path = Assets.xcassets; sourceTree = "<group>"; };
		07A8B70A2B13CCD700DE0548 /* Base */ = {isa = PBXFileReference; lastKnownFileType = file.storyboard; name = Base; path = Base.lproj/LaunchScreen.storyboard; sourceTree = "<group>"; };
		07A8B70C2B13CCD700DE0548 /* Info.plist */ = {isa = PBXFileReference; lastKnownFileType = text.plist.xml; path = Info.plist; sourceTree = "<group>"; };
		07A8B7112B13CCD800DE0548 /* pray timesTests.xctest */ = {isa = PBXFileReference; explicitFileType = wrapper.cfbundle; includeInIndex = 0; path = "pray timesTests.xctest"; sourceTree = BUILT_PRODUCTS_DIR; };
		07A8B7152B13CCD800DE0548 /* pray_timesTests.swift */ = {isa = PBXFileReference; lastKnownFileType = sourcecode.swift; path = pray_timesTests.swift; sourceTree = "<group>"; };
		07A8B71B2B13CCD800DE0548 /* pray timesUITests.xctest */ = {isa = PBXFileReference; explicitFileType = wrapper.cfbundle; includeInIndex = 0; path = "pray timesUITests.xctest"; sourceTree = BUILT_PRODUCTS_DIR; };
		07A8B71F2B13CCD800DE0548 /* pray_timesUITests.swift */ = {isa = PBXFileReference; lastKnownFileType = sourcecode.swift; path = pray_timesUITests.swift; sourceTree = "<group>"; };
		07A8B7212B13CCD800DE0548 /* pray_timesUITestsLaunchTests.swift */ = {isa = PBXFileReference; lastKnownFileType = sourcecode.swift; path = pray_timesUITestsLaunchTests.swift; sourceTree = "<group>"; };
/* End PBXFileReference section */

/* Begin PBXFrameworksBuildPhase section */
		07A8B6F82B13CCD400DE0548 /* Frameworks */ = {
			isa = PBXFrameworksBuildPhase;
			buildActionMask = 2147483647;
			files = (
			);
			runOnlyForDeploymentPostprocessing = 0;
		};
		07A8B70E2B13CCD800DE0548 /* Frameworks */ = {
			isa = PBXFrameworksBuildPhase;
			buildActionMask = 2147483647;
			files = (
			);
			runOnlyForDeploymentPostprocessing = 0;
		};
		07A8B7182B13CCD800DE0548 /* Frameworks */ = {
			isa = PBXFrameworksBuildPhase;
			buildActionMask = 2147483647;
			files = (
			);
			runOnlyForDeploymentPostprocessing = 0;
		};
/* End PBXFrameworksBuildPhase section */

/* Begin PBXGroup section */
		07A8B6F22B13CCD400DE0548 = {
			isa = PBXGroup;
			children = (
				07A8B6FD2B13CCD400DE0548 /* pray times */,
				07A8B7142B13CCD800DE0548 /* pray timesTests */,
				07A8B71E2B13CCD800DE0548 /* pray timesUITests */,
				07A8B6FC2B13CCD400DE0548 /* Products */,
			);
			sourceTree = "<group>";
		};
		07A8B6FC2B13CCD400DE0548 /* Products */ = {
			isa = PBXGroup;
			children = (
				07A8B6FB2B13CCD400DE0548 /* pray times.app */,
				07A8B7112B13CCD800DE0548 /* pray timesTests.xctest */,
				07A8B71B2B13CCD800DE0548 /* pray timesUITests.xctest */,
			);
			name = Products;
			sourceTree = "<group>";
		};
		07A8B6FD2B13CCD400DE0548 /* pray times */ = {
			isa = PBXGroup;
			children = (
				07A8B6FE2B13CCD400DE0548 /* AppDelegate.swift */,
				07A8B7002B13CCD400DE0548 /* SceneDelegate.swift */,
				07A8B7022B13CCD400DE0548 /* ViewController.swift */,
				07A8B7042B13CCD400DE0548 /* Main.storyboard */,
				07A8B7072B13CCD700DE0548 /* Assets.xcassets */,
				07A8B7092B13CCD700DE0548 /* LaunchScreen.storyboard */,
				07A8B70C2B13CCD700DE0548 /* Info.plist */,
			);
			path = "pray times";
			sourceTree = "<group>";
		};
		07A8B7142B13CCD800DE0548 /* pray timesTests */ = {
			isa = PBXGroup;
			children = (
				07A8B7152B13CCD800DE0548 /* pray_timesTests.swift */,
			);
			path = "pray timesTests";
			sourceTree = "<group>";
		};
		07A8B71E2B13CCD800DE0548 /* pray timesUITests */ = {
			isa = PBXGroup;
			children = (
				07A8B71F2B13CCD800DE0548 /* pray_timesUITests.swift */,
				07A8B7212B13CCD800DE0548 /* pray_timesUITestsLaunchTests.swift */,
			);
			path = "pray timesUITests";
			sourceTree = "<group>";
		};
/* End PBXGroup section */

/* Begin PBXNativeTarget section */
		07A8B6FA2B13CCD400DE0548 /* pray times */ = {
			isa = PBXNativeTarget;
			buildConfigurationList = 07A8B7252B13CCD800DE0548 /* Build configuration list for PBXNativeTarget "pray times" */;
			buildPhases = (
				07A8B6F72B13CCD400DE0548 /* Sources */,
				07A8B6F82B13CCD400DE0548 /* Frameworks */,
				07A8B6F92B13CCD400DE0548 /* Resources */,
			);
			buildRules = (
			);
			dependencies = (
			);
			name = "pray times";
			productName = "pray times";
			productReference = 07A8B6FB2B13CCD400DE0548 /* pray times.app */;
			productType = "com.apple.product-type.application";
		};
		07A8B7102B13CCD800DE0548 /* pray timesTests */ = {
			isa = PBXNativeTarget;
			buildConfigurationList = 07A8B7282B13CCD800DE0548 /* Build configuration list for PBXNativeTarget "pray timesTests" */;
			buildPhases = (
				07A8B70D2B13CCD800DE0548 /* Sources */,
				07A8B70E2B13CCD800DE0548 /* Frameworks */,
				07A8B70F2B13CCD800DE0548 /* Resources */,
			);
			buildRules = (
			);
			dependencies = (
				07A8B7132B13CCD800DE0548 /* PBXTargetDependency */,
			);
			name = "pray timesTests";
			productName = "pray timesTests";
			productReference = 07A8B7112B13CCD800DE0548 /* pray timesTests.xctest */;
			productType = "com.apple.product-type.bundle.unit-test";
		};
		07A8B71A2B13CCD800DE0548 /* pray timesUITests */ = {
			isa = PBXNativeTarget;
			buildConfigurationList = 07A8B72B2B13CCD800DE0548 /* Build configuration list for PBXNativeTarget "pray timesUITests" */;
			buildPhases = (
				07A8B7172B13CCD800DE0548 /* Sources */,
				07A8B7182B13CCD800DE0548 /* Frameworks */,
				07A8B7192B13CCD800DE0548 /* Resources */,
			);
			buildRules = (
			);
			dependencies = (
				07A8B71D2B13CCD800DE0548 /* PBXTargetDependency */,
			);
			name = "pray timesUITests";
			productName = "pray timesUITests";
			productReference = 07A8B71B2B13CCD800DE0548 /* pray timesUITests.xctest */;
			productType = "com.apple.product-type.bundle.ui-testing";
		};
/* End PBXNativeTarget section */

/* Begin PBXProject section */
		07A8B6F32B13CCD400DE0548 /* Project object */ = {
			isa = PBXProject;
			attributes = {
				BuildIndependentTargetsInParallel = 1;
				LastSwiftUpdateCheck = 1320;
				LastUpgradeCheck = 1320;
				TargetAttributes = {
					07A8B6FA2B13CCD400DE0548 = {
						CreatedOnToolsVersion = 13.2;
					};
					07A8B7102B13CCD800DE0548 = {
						CreatedOnToolsVersion = 13.2;
						TestTargetID = 07A8B6FA2B13CCD400DE0548;
					};
					07A8B71A2B13CCD800DE0548 = {
						CreatedOnToolsVersion = 13.2;
						TestTargetID = 07A8B6FA2B13CCD400DE0548;
					};
				};
			};
			buildConfigurationList = 07A8B6F62B13CCD400DE0548 /* Build configuration list for PBXProject "pray times" */;
			compatibilityVersion = "Xcode 13.0";
			developmentRegion = en;
			hasScannedForEncodings = 0;
			knownRegions = (
				en,
				Base,
			);
			mainGroup = 07A8B6F22B13CCD400DE0548;
			productRefGroup = 07A8B6FC2B13CCD400DE0548 /* Products */;
			projectDirPath = "";
			projectRoot = "";
			targets = (
				07A8B6FA2B13CCD400DE0548 /* pray times */,
				07A8B7102B13CCD800DE0548 /* pray timesTests */,
				07A8B71A2B13CCD800DE0548 /* pray timesUITests */,
			);
		};
/* End PBXProject section */

/* Begin PBXResourcesBuildPhase section */
		07A8B6F92B13CCD400DE0548 /* Resources */ = {
			isa = PBXResourcesBuildPhase;
			buildActionMask = 2147483647;
			files = (
				07A8B70B2B13CCD700DE0548 /* LaunchScreen.storyboard in Resources */,
				07A8B7082B13CCD700DE0548 /* Assets.xcassets in Resources */,
				07A8B7062B13CCD400DE0548 /* Main.storyboard in Resources */,
			);
			runOnlyForDeploymentPostprocessing = 0;
		};
		07A8B70F2B13CCD800DE0548 /* Resources */ = {
			isa = PBXResourcesBuildPhase;
			buildActionMask = 2147483647;
			files = (
			);
			runOnlyForDeploymentPostprocessing = 0;
		};
		07A8B7192B13CCD800DE0548 /* Resources */ = {
			isa = PBXResourcesBuildPhase;
			buildActionMask = 2147483647;
			files = (
			);
			runOnlyForDeploymentPostprocessing = 0;
		};
/* End PBXResourcesBuildPhase section */

/* Begin PBXSourcesBuildPhase section */
		07A8B6F72B13CCD400DE0548 /* Sources */ = {
			isa = PBXSourcesBuildPhase;
			buildActionMask = 2147483647;
			files = (
				07A8B7032B13CCD400DE0548 /* ViewController.swift in Sources */,
				07A8B6FF2B13CCD400DE0548 /* AppDelegate.swift in Sources */,
				07A8B7012B13CCD400DE0548 /* SceneDelegate.swift in Sources */,
			);
			runOnlyForDeploymentPostprocessing = 0;
		};
		07A8B70D2B13CCD800DE0548 /* Sources */ = {
			isa = PBXSourcesBuildPhase;
			buildActionMask = 2147483647;
			files = (
				07A8B7162B13CCD800DE0548 /* pray_timesTests.swift in Sources */,
			);
			runOnlyForDeploymentPostprocessing = 0;
		};
		07A8B7172B13CCD800DE0548 /* Sources */ = {
			isa = PBXSourcesBuildPhase;
			buildActionMask = 2147483647;
			files = (
				07A8B7202B13CCD800DE0548 /* pray_timesUITests.swift in Sources */,
				07A8B7222B13CCD800DE0548 /* pray_timesUITestsLaunchTests.swift in Sources */,
			);
			runOnlyForDeploymentPostprocessing = 0;
		};
/* End PBXSourcesBuildPhase section */

/* Begin PBXTargetDependency section */
		07A8B7132B13CCD800DE0548 /* PBXTargetDependency */ = {
			isa = PBXTargetDependency;
			target = 07A8B6FA2B13CCD400DE0548 /* pray times */;
			targetProxy = 07A8B7122B13CCD800DE0548 /* PBXContainerItemProxy */;
		};
		07A8B71D2B13CCD800DE0548 /* PBXTargetDependency */ = {
			isa = PBXTargetDependency;
			target = 07A8B6FA2B13CCD400DE0548 /* pray times */;
			targetProxy = 07A8B71C2B13CCD800DE0548 /* PBXContainerItemProxy */;
		};
/* End PBXTargetDependency section */

/* Begin PBXVariantGroup section */
		07A8B7042B13CCD400DE0548 /* Main.storyboard */ = {
			isa = PBXVariantGroup;
			children = (
				07A8B7052B13CCD400DE0548 /* Base */,
			);
			name = Main.storyboard;
			sourceTree = "<group>";
		};
		07A8B7092B13CCD700DE0548 /* LaunchScreen.storyboard */ = {
			isa = PBXVariantGroup;
			children = (
				07A8B70A2B13CCD700DE0548 /* Base */,
			);
			name = LaunchScreen.storyboard;
			sourceTree = "<group>";
		};
/* End PBXVariantGroup section */

/* Begin XCBuildConfiguration section */
		07A8B7232B13CCD800DE0548 /* Debug */ = {
			isa = XCBuildConfiguration;
			buildSettings = {
				ALWAYS_SEARCH_USER_PATHS = NO;
				CLANG_ANALYZER_NONNULL = YES;
				CLANG_ANALYZER_NUMBER_OBJECT_CONVERSION = YES_AGGRESSIVE;
				CLANG_CXX_LANGUAGE_STANDARD = "gnu++17";
				CLANG_CXX_LIBRARY = "libc++";
				CLANG_ENABLE_MODULES = YES;
				CLANG_ENABLE_OBJC_ARC = YES;
				CLANG_ENABLE_OBJC_WEAK = YES;
				CLANG_WARN_BLOCK_CAPTURE_AUTORELEASING = YES;
				CLANG_WARN_BOOL_CONVERSION = YES;
				CLANG_WARN_COMMA = YES;
				CLANG_WARN_CONSTANT_CONVERSION = YES;
				CLANG_WARN_DEPRECATED_OBJC_IMPLEMENTATIONS = YES;
				CLANG_WARN_DIRECT_OBJC_ISA_USAGE = YES_ERROR;
				CLANG_WARN_DOCUMENTATION_COMMENTS = YES;
				CLANG_WARN_EMPTY_BODY = YES;
				CLANG_WARN_ENUM_CONVERSION = YES;
				CLANG_WARN_INFINITE_RECURSION = YES;
				CLANG_WARN_INT_CONVERSION = YES;
				CLANG_WARN_NON_LITERAL_NULL_CONVERSION = YES;
				CLANG_WARN_OBJC_IMPLICIT_RETAIN_SELF = YES;
				CLANG_WARN_OBJC_LITERAL_CONVERSION = YES;
				CLANG_WARN_OBJC_ROOT_CLASS = YES_ERROR;
				CLANG_WARN_QUOTED_INCLUDE_IN_FRAMEWORK_HEADER = YES;
				CLANG_WARN_RANGE_LOOP_ANALYSIS = YES;
				CLANG_WARN_STRICT_PROTOTYPES = YES;
				CLANG_WARN_SUSPICIOUS_MOVE = YES;
				CLANG_WARN_UNGUARDED_AVAILABILITY = YES_AGGRESSIVE;
				CLANG_WARN_UNREACHABLE_CODE = YES;
				CLANG_WARN__DUPLICATE_METHOD_MATCH = YES;
				COPY_PHASE_STRIP = NO;
				DEBUG_INFORMATION_FORMAT = dwarf;
				ENABLE_STRICT_OBJC_MSGSEND = YES;
				ENABLE_TESTABILITY = YES;
				GCC_C_LANGUAGE_STANDARD = gnu11;
				GCC_DYNAMIC_NO_PIC = NO;
				GCC_NO_COMMON_BLOCKS = YES;
				GCC_OPTIMIZATION_LEVEL = 0;
				GCC_PREPROCESSOR_DEFINITIONS = (
					"DEBUG=1",
					"$(inherited)",
				);
				GCC_WARN_64_TO_32_BIT_CONVERSION = YES;
				GCC_WARN_ABOUT_RETURN_TYPE = YES_ERROR;
				GCC_WARN_UNDECLARED_SELECTOR = YES;
				GCC_WARN_UNINITIALIZED_AUTOS = YES_AGGRESSIVE;
				GCC_WARN_UNUSED_FUNCTION = YES;
				GCC_WARN_UNUSED_VARIABLE = YES;
				IPHONEOS_DEPLOYMENT_TARGET = 15.2;
				MTL_ENABLE_DEBUG_INFO = INCLUDE_SOURCE;
				MTL_FAST_MATH = YES;
				ONLY_ACTIVE_ARCH = YES;
				SDKROOT = iphoneos;
				SWIFT_ACTIVE_COMPILATION_CONDITIONS = DEBUG;
				SWIFT_OPTIMIZATION_LEVEL = "-Onone";
			};
			name = Debug;
		};
		07A8B7242B13CCD800DE0548 /* Release */ = {
			isa = XCBuildConfiguration;
			buildSettings = {
				ALWAYS_SEARCH_USER_PATHS = NO;
				CLANG_ANALYZER_NONNULL = YES;
				CLANG_ANALYZER_NUMBER_OBJECT_CONVERSION = YES_AGGRESSIVE;
				CLANG_CXX_LANGUAGE_STANDARD = "gnu++17";
				CLANG_CXX_LIBRARY = "libc++";
				CLANG_ENABLE_MODULES = YES;
				CLANG_ENABLE_OBJC_ARC = YES;
				CLANG_ENABLE_OBJC_WEAK = YES;
				CLANG_WARN_BLOCK_CAPTURE_AUTORELEASING = YES;
				CLANG_WARN_BOOL_CONVERSION = YES;
				CLANG_WARN_COMMA = YES;
				CLANG_WARN_CONSTANT_CONVERSION = YES;
				CLANG_WARN_DEPRECATED_OBJC_IMPLEMENTATIONS = YES;
				CLANG_WARN_DIRECT_OBJC_ISA_USAGE = YES_ERROR;
				CLANG_WARN_DOCUMENTATION_COMMENTS = YES;
				CLANG_WARN_EMPTY_BODY = YES;
				CLANG_WARN_ENUM_CONVERSION = YES;
				CLANG_WARN_INFINITE_RECURSION = YES;
				CLANG_WARN_INT_CONVERSION = YES;
				CLANG_WARN_NON_LITERAL_NULL_CONVERSION = YES;
				CLANG_WARN_OBJC_IMPLICIT_RETAIN_SELF = YES;
				CLANG_WARN_OBJC_LITERAL_CONVERSION = YES;
				CLANG_WARN_OBJC_ROOT_CLASS = YES_ERROR;
				CLANG_WARN_QUOTED_INCLUDE_IN_FRAMEWORK_HEADER = YES;
				CLANG_WARN_RANGE_LOOP_ANALYSIS = YES;
				CLANG_WARN_STRICT_PROTOTYPES = YES;
				CLANG_WARN_SUSPICIOUS_MOVE = YES;
				CLANG_WARN_UNGUARDED_AVAILABILITY = YES_AGGRESSIVE;
				CLANG_WARN_UNREACHABLE_CODE = YES;
				CLANG_WARN__DUPLICATE_METHOD_MATCH = YES;
				COPY_PHASE_STRIP = NO;
				DEBUG_INFORMATION_FORMAT = "dwarf-with-dsym";
				ENABLE_NS_ASSERTIONS = NO;
				ENABLE_STRICT_OBJC_MSGSEND = YES;
				GCC_C_LANGUAGE_STANDARD = gnu11;
				GCC_NO_COMMON_BLOCKS = YES;
				GCC_WARN_64_TO_32_BIT_CONVERSION = YES;
				GCC_WARN_ABOUT_RETURN_TYPE = YES_ERROR;
				GCC_WARN_UNDECLARED_SELECTOR = YES;
				GCC_WARN_UNINITIALIZED_AUTOS = YES_AGGRESSIVE;
				GCC_WARN_UNUSED_FUNCTION = YES;
				GCC_WARN_UNUSED_VARIABLE = YES;
				IPHONEOS_DEPLOYMENT_TARGET = 15.2;
				MTL_ENABLE_DEBUG_INFO = NO;
				MTL_FAST_MATH = YES;
				SDKROOT = iphoneos;
				SWIFT_COMPILATION_MODE = wholemodule;
				SWIFT_OPTIMIZATION_LEVEL = "-O";
				VALIDATE_PRODUCT = YES;
			};
			name = Release;
		};
		07A8B7262B13CCD800DE0548 /* Debug */ = {
			isa = XCBuildConfiguration;
			buildSettings = {
				ASSETCATALOG_COMPILER_APPICON_NAME = AppIcon;
				ASSETCATALOG_COMPILER_GLOBAL_ACCENT_COLOR_NAME = AccentColor;
				CODE_SIGN_STYLE = Automatic;
				CURRENT_PROJECT_VERSION = 1;
				DEVELOPMENT_TEAM = CZAAVN9JAQ;
				GENERATE_INFOPLIST_FILE = YES;
				INFOPLIST_FILE = "pray times/Info.plist";
				INFOPLIST_KEY_UIApplicationSupportsIndirectInputEvents = YES;
				INFOPLIST_KEY_UILaunchStoryboardName = LaunchScreen;
				INFOPLIST_KEY_UIMainStoryboardFile = Main;
				INFOPLIST_KEY_UISupportedInterfaceOrientations_iPad = "UIInterfaceOrientationPortrait UIInterfaceOrientationPortraitUpsideDown UIInterfaceOrientationLandscapeLeft UIInterfaceOrientationLandscapeRight";
				INFOPLIST_KEY_UISupportedInterfaceOrientations_iPhone = "UIInterfaceOrientationPortrait UIInterfaceOrientationLandscapeLeft UIInterfaceOrientationLandscapeRight";
				LD_RUNPATH_SEARCH_PATHS = (
					"$(inherited)",
					"@executable_path/Frameworks",
				);
				MARKETING_VERSION = 1.0;
				PRODUCT_BUNDLE_IDENTIFIER = "mr.barkat.pray-times";
				PRODUCT_NAME = "$(TARGET_NAME)";
				SWIFT_EMIT_LOC_STRINGS = YES;
				SWIFT_VERSION = 5.0;
				TARGETED_DEVICE_FAMILY = "1,2";
			};
			name = Debug;
		};
		07A8B7272B13CCD800DE0548 /* Release */ = {
			isa = XCBuildConfiguration;
			buildSettings = {
				ASSETCATALOG_COMPILER_APPICON_NAME = AppIcon;
				ASSETCATALOG_COMPILER_GLOBAL_ACCENT_COLOR_NAME = AccentColor;
				CODE_SIGN_STYLE = Automatic;
				CURRENT_PROJECT_VERSION = 1;
				DEVELOPMENT_TEAM = CZAAVN9JAQ;
				GENERATE_INFOPLIST_FILE = YES;
				INFOPLIST_FILE = "pray times/Info.plist";
				INFOPLIST_KEY_UIApplicationSupportsIndirectInputEvents = YES;
				INFOPLIST_KEY_UILaunchStoryboardName = LaunchScreen;
				INFOPLIST_KEY_UIMainStoryboardFile = Main;
				INFOPLIST_KEY_UISupportedInterfaceOrientations_iPad = "UIInterfaceOrientationPortrait UIInterfaceOrientationPortraitUpsideDown UIInterfaceOrientationLandscapeLeft UIInterfaceOrientationLandscapeRight";
				INFOPLIST_KEY_UISupportedInterfaceOrientations_iPhone = "UIInterfaceOrientationPortrait UIInterfaceOrientationLandscapeLeft UIInterfaceOrientationLandscapeRight";
				LD_RUNPATH_SEARCH_PATHS = (
					"$(inherited)",
					"@executable_path/Frameworks",
				);
				MARKETING_VERSION = 1.0;
				PRODUCT_BUNDLE_IDENTIFIER = "mr.barkat.pray-times";
				PRODUCT_NAME = "$(TARGET_NAME)";
				SWIFT_EMIT_LOC_STRINGS = YES;
				SWIFT_VERSION = 5.0;
				TARGETED_DEVICE_FAMILY = "1,2";
			};
			name = Release;
		};
		07A8B7292B13CCD800DE0548 /* Debug */ = {
			isa = XCBuildConfiguration;
			buildSettings = {
				ALWAYS_EMBED_SWIFT_STANDARD_LIBRARIES = YES;
				BUNDLE_LOADER = "$(TEST_HOST)";
				CODE_SIGN_STYLE = Automatic;
				CURRENT_PROJECT_VERSION = 1;
				DEVELOPMENT_TEAM = CZAAVN9JAQ;
				GENERATE_INFOPLIST_FILE = YES;
				IPHONEOS_DEPLOYMENT_TARGET = 15.2;
				MARKETING_VERSION = 1.0;
				PRODUCT_BUNDLE_IDENTIFIER = "mr.barkat.pray-timesTests";
				PRODUCT_NAME = "$(TARGET_NAME)";
				SWIFT_EMIT_LOC_STRINGS = NO;
				SWIFT_VERSION = 5.0;
				TARGETED_DEVICE_FAMILY = "1,2";
				TEST_HOST = "$(BUILT_PRODUCTS_DIR)/pray times.app/pray times";
			};
			name = Debug;
		};
		07A8B72A2B13CCD800DE0548 /* Release */ = {
			isa = XCBuildConfiguration;
			buildSettings = {
				ALWAYS_EMBED_SWIFT_STANDARD_LIBRARIES = YES;
				BUNDLE_LOADER = "$(TEST_HOST)";
				CODE_SIGN_STYLE = Automatic;
				CURRENT_PROJECT_VERSION = 1;
				DEVELOPMENT_TEAM = CZAAVN9JAQ;
				GENERATE_INFOPLIST_FILE = YES;
				IPHONEOS_DEPLOYMENT_TARGET = 15.2;
				MARKETING_VERSION = 1.0;
				PRODUCT_BUNDLE_IDENTIFIER = "mr.barkat.pray-timesTests";
				PRODUCT_NAME = "$(TARGET_NAME)";
				SWIFT_EMIT_LOC_STRINGS = NO;
				SWIFT_VERSION = 5.0;
				TARGETED_DEVICE_FAMILY = "1,2";
				TEST_HOST = "$(BUILT_PRODUCTS_DIR)/pray times.app/pray times";
			};
			name = Release;
		};
		07A8B72C2B13CCD800DE0548 /* Debug */ = {
			isa = XCBuildConfiguration;
			buildSettings = {
				ALWAYS_EMBED_SWIFT_STANDARD_LIBRARIES = YES;
				CODE_SIGN_STYLE = Automatic;
				CURRENT_PROJECT_VERSION = 1;
				DEVELOPMENT_TEAM = CZAAVN9JAQ;
				GENERATE_INFOPLIST_FILE = YES;
				MARKETING_VERSION = 1.0;
				PRODUCT_BUNDLE_IDENTIFIER = "mr.barkat.pray-timesUITests";
				PRODUCT_NAME = "$(TARGET_NAME)";
				SWIFT_EMIT_LOC_STRINGS = NO;
				SWIFT_VERSION = 5.0;
				TARGETED_DEVICE_FAMILY = "1,2";
				TEST_TARGET_NAME = "pray times";
			};
			name = Debug;
		};
		07A8B72D2B13CCD800DE0548 /* Release */ = {
			isa = XCBuildConfiguration;
			buildSettings = {
				ALWAYS_EMBED_SWIFT_STANDARD_LIBRARIES = YES;
				CODE_SIGN_STYLE = Automatic;
				CURRENT_PROJECT_VERSION = 1;
				DEVELOPMENT_TEAM = CZAAVN9JAQ;
				GENERATE_INFOPLIST_FILE = YES;
				MARKETING_VERSION = 1.0;
				PRODUCT_BUNDLE_IDENTIFIER = "mr.barkat.pray-timesUITests";
				PRODUCT_NAME = "$(TARGET_NAME)";
				SWIFT_EMIT_LOC_STRINGS = NO;
				SWIFT_VERSION = 5.0;
				TARGETED_DEVICE_FAMILY = "1,2";
				TEST_TARGET_NAME = "pray times";
			};
			name = Release;
		};
/* End XCBuildConfiguration section */

/* Begin XCConfigurationList section */
		07A8B6F62B13CCD400DE0548 /* Build configuration list for PBXProject "pray times" */ = {
			isa = XCConfigurationList;
			buildConfigurations = (
				07A8B7232B13CCD800DE0548 /* Debug */,
				07A8B7242B13CCD800DE0548 /* Release */,
			);
			defaultConfigurationIsVisible = 0;
			defaultConfigurationName = Release;
		};
		07A8B7252B13CCD800DE0548 /* Build configuration list for PBXNativeTarget "pray times" */ = {
			isa = XCConfigurationList;
			buildConfigurations = (
				07A8B7262B13CCD800DE0548 /* Debug */,
				07A8B7272B13CCD800DE0548 /* Release */,
			);
			defaultConfigurationIsVisible = 0;
			defaultConfigurationName = Release;
		};
		07A8B7282B13CCD800DE0548 /* Build configuration list for PBXNativeTarget "pray timesTests" */ = {
			isa = XCConfigurationList;
			buildConfigurations = (
				07A8B7292B13CCD800DE0548 /* Debug */,
				07A8B72A2B13CCD800DE0548 /* Release */,
			);
			defaultConfigurationIsVisible = 0;
			defaultConfigurationName = Release;
		};
		07A8B72B2B13CCD800DE0548 /* Build configuration list for PBXNativeTarget "pray timesUITests" */ = {
			isa = XCConfigurationList;
			buildConfigurations = (
				07A8B72C2B13CCD800DE0548 /* Debug */,
				07A8B72D2B13CCD800DE0548 /* Release */,
			);
			defaultConfigurationIsVisible = 0;
			defaultConfigurationName = Release;
		};
/* End XCConfigurationList section */
	};
	rootObject = 07A8B6F32B13CCD400DE0548 /* Project object */;
}
